// !$*UTF8*$!
{
	archiveVersion = 1;
	classes = {
	};
	objectVersion = 55;
	objects = {

/* Begin PBXBuildFile section */
		6F19775F28AA1785007F76E7 /* HomeScreen.swift in Sources */ = {isa = PBXBuildFile; fileRef = 6F19775E28AA1785007F76E7 /* HomeScreen.swift */; };
		6F19776328AA1FC2007F76E7 /* HomeViewModel.swift in Sources */ = {isa = PBXBuildFile; fileRef = 6F19776228AA1FC2007F76E7 /* HomeViewModel.swift */; };
		6F19776928AA2130007F76E7 /* EmojiModel.swift in Sources */ = {isa = PBXBuildFile; fileRef = 6F19776828AA2130007F76E7 /* EmojiModel.swift */; };
		6F19776D28AA308D007F76E7 /* EmojiOption.swift in Sources */ = {isa = PBXBuildFile; fileRef = 6F19776C28AA308D007F76E7 /* EmojiOption.swift */; };
		6F19777128AA6620007F76E7 /* GameScreen.swift in Sources */ = {isa = PBXBuildFile; fileRef = 6F19777028AA6620007F76E7 /* GameScreen.swift */; };
		6F19777428AA6871007F76E7 /* SwiftUIRouter in Frameworks */ = {isa = PBXBuildFile; productRef = 6F19777328AA6871007F76E7 /* SwiftUIRouter */; };
		6F19777B28AA728D007F76E7 /* GameViewModel.swift in Sources */ = {isa = PBXBuildFile; fileRef = 6F19777A28AA728D007F76E7 /* GameViewModel.swift */; };
		6FBCB75828A93F01000DCA38 /* MemorizeGameApp.swift in Sources */ = {isa = PBXBuildFile; fileRef = 6FBCB75728A93F01000DCA38 /* MemorizeGameApp.swift */; };
		6FBCB75A28A93F01000DCA38 /* ContentView.swift in Sources */ = {isa = PBXBuildFile; fileRef = 6FBCB75928A93F01000DCA38 /* ContentView.swift */; };
		6FBCB75C28A93F02000DCA38 /* Assets.xcassets in Resources */ = {isa = PBXBuildFile; fileRef = 6FBCB75B28A93F02000DCA38 /* Assets.xcassets */; };
		6FBCB75F28A93F02000DCA38 /* Preview Assets.xcassets in Resources */ = {isa = PBXBuildFile; fileRef = 6FBCB75E28A93F02000DCA38 /* Preview Assets.xcassets */; };
		6FBCB76928A93F02000DCA38 /* MemorizeGameTests.swift in Sources */ = {isa = PBXBuildFile; fileRef = 6FBCB76828A93F02000DCA38 /* MemorizeGameTests.swift */; };
		6FBCB77328A93F02000DCA38 /* MemorizeGameUITests.swift in Sources */ = {isa = PBXBuildFile; fileRef = 6FBCB77228A93F02000DCA38 /* MemorizeGameUITests.swift */; };
		6FBCB77528A93F02000DCA38 /* MemorizeGameUITestsLaunchTests.swift in Sources */ = {isa = PBXBuildFile; fileRef = 6FBCB77428A93F02000DCA38 /* MemorizeGameUITestsLaunchTests.swift */; };
/* End PBXBuildFile section */

/* Begin PBXContainerItemProxy section */
		6FBCB76528A93F02000DCA38 /* PBXContainerItemProxy */ = {
			isa = PBXContainerItemProxy;
			containerPortal = 6FBCB74C28A93F01000DCA38 /* Project object */;
			proxyType = 1;
			remoteGlobalIDString = 6FBCB75328A93F01000DCA38;
			remoteInfo = MemorizeGame;
		};
		6FBCB76F28A93F02000DCA38 /* PBXContainerItemProxy */ = {
			isa = PBXContainerItemProxy;
			containerPortal = 6FBCB74C28A93F01000DCA38 /* Project object */;
			proxyType = 1;
			remoteGlobalIDString = 6FBCB75328A93F01000DCA38;
			remoteInfo = MemorizeGame;
		};
/* End PBXContainerItemProxy section */

/* Begin PBXFileReference section */
		6F19775E28AA1785007F76E7 /* HomeScreen.swift */ = {isa = PBXFileReference; lastKnownFileType = sourcecode.swift; path = HomeScreen.swift; sourceTree = "<group>"; };
		6F19776228AA1FC2007F76E7 /* HomeViewModel.swift */ = {isa = PBXFileReference; lastKnownFileType = sourcecode.swift; path = HomeViewModel.swift; sourceTree = "<group>"; };
		6F19776828AA2130007F76E7 /* EmojiModel.swift */ = {isa = PBXFileReference; lastKnownFileType = sourcecode.swift; path = EmojiModel.swift; sourceTree = "<group>"; };
		6F19776C28AA308D007F76E7 /* EmojiOption.swift */ = {isa = PBXFileReference; lastKnownFileType = sourcecode.swift; path = EmojiOption.swift; sourceTree = "<group>"; };
		6F19777028AA6620007F76E7 /* GameScreen.swift */ = {isa = PBXFileReference; lastKnownFileType = sourcecode.swift; path = GameScreen.swift; sourceTree = "<group>"; };
		6F19777A28AA728D007F76E7 /* GameViewModel.swift */ = {isa = PBXFileReference; lastKnownFileType = sourcecode.swift; path = GameViewModel.swift; sourceTree = "<group>"; };
		6FBCB75428A93F01000DCA38 /* MemorizeGame.app */ = {isa = PBXFileReference; explicitFileType = wrapper.application; includeInIndex = 0; path = MemorizeGame.app; sourceTree = BUILT_PRODUCTS_DIR; };
		6FBCB75728A93F01000DCA38 /* MemorizeGameApp.swift */ = {isa = PBXFileReference; lastKnownFileType = sourcecode.swift; path = MemorizeGameApp.swift; sourceTree = "<group>"; };
		6FBCB75928A93F01000DCA38 /* ContentView.swift */ = {isa = PBXFileReference; lastKnownFileType = sourcecode.swift; path = ContentView.swift; sourceTree = "<group>"; };
		6FBCB75B28A93F02000DCA38 /* Assets.xcassets */ = {isa = PBXFileReference; lastKnownFileType = folder.assetcatalog; path = Assets.xcassets; sourceTree = "<group>"; };
		6FBCB75E28A93F02000DCA38 /* Preview Assets.xcassets */ = {isa = PBXFileReference; lastKnownFileType = folder.assetcatalog; path = "Preview Assets.xcassets"; sourceTree = "<group>"; };
		6FBCB76428A93F02000DCA38 /* MemorizeGameTests.xctest */ = {isa = PBXFileReference; explicitFileType = wrapper.cfbundle; includeInIndex = 0; path = MemorizeGameTests.xctest; sourceTree = BUILT_PRODUCTS_DIR; };
		6FBCB76828A93F02000DCA38 /* MemorizeGameTests.swift */ = {isa = PBXFileReference; lastKnownFileType = sourcecode.swift; path = MemorizeGameTests.swift; sourceTree = "<group>"; };
		6FBCB76E28A93F02000DCA38 /* MemorizeGameUITests.xctest */ = {isa = PBXFileReference; explicitFileType = wrapper.cfbundle; includeInIndex = 0; path = MemorizeGameUITests.xctest; sourceTree = BUILT_PRODUCTS_DIR; };
		6FBCB77228A93F02000DCA38 /* MemorizeGameUITests.swift */ = {isa = PBXFileReference; lastKnownFileType = sourcecode.swift; path = MemorizeGameUITests.swift; sourceTree = "<group>"; };
		6FBCB77428A93F02000DCA38 /* MemorizeGameUITestsLaunchTests.swift */ = {isa = PBXFileReference; lastKnownFileType = sourcecode.swift; path = MemorizeGameUITestsLaunchTests.swift; sourceTree = "<group>"; };
/* End PBXFileReference section */

/* Begin PBXFrameworksBuildPhase section */
		6FBCB75128A93F01000DCA38 /* Frameworks */ = {
			isa = PBXFrameworksBuildPhase;
			buildActionMask = 2147483647;
			files = (
				6F19777428AA6871007F76E7 /* SwiftUIRouter in Frameworks */,
			);
			runOnlyForDeploymentPostprocessing = 0;
		};
		6FBCB76128A93F02000DCA38 /* Frameworks */ = {
			isa = PBXFrameworksBuildPhase;
			buildActionMask = 2147483647;
			files = (
			);
			runOnlyForDeploymentPostprocessing = 0;
		};
		6FBCB76B28A93F02000DCA38 /* Frameworks */ = {
			isa = PBXFrameworksBuildPhase;
			buildActionMask = 2147483647;
			files = (
			);
			runOnlyForDeploymentPostprocessing = 0;
		};
/* End PBXFrameworksBuildPhase section */

/* Begin PBXGroup section */
		6F19775928AA1704007F76E7 /* Presentation */ = {
			isa = PBXGroup;
			children = (
				6F19775A28AA1729007F76E7 /* Home */,
				6F19776F28AA660B007F76E7 /* Game */,
			);
			path = Presentation;
			sourceTree = "<group>";
		};
		6F19775A28AA1729007F76E7 /* Home */ = {
			isa = PBXGroup;
			children = (
				6FBCB75728A93F01000DCA38 /* MemorizeGameApp.swift */,
				6F19776428AA1FCF007F76E7 /* View */,
				6F19776128AA1FA9007F76E7 /* ViewModel */,
			);
			path = Home;
			sourceTree = "<group>";
		};
		6F19776128AA1FA9007F76E7 /* ViewModel */ = {
			isa = PBXGroup;
			children = (
				6F19776228AA1FC2007F76E7 /* HomeViewModel.swift */,
			);
			path = ViewModel;
			sourceTree = "<group>";
		};
		6F19776428AA1FCF007F76E7 /* View */ = {
			isa = PBXGroup;
			children = (
				6F19775E28AA1785007F76E7 /* HomeScreen.swift */,
			);
			path = View;
			sourceTree = "<group>";
		};
		6F19776628AA20C6007F76E7 /* Domain */ = {
			isa = PBXGroup;
			children = (
				6F19776E28AA481A007F76E7 /* Service */,
				6F19776728AA20CF007F76E7 /* Model */,
			);
			path = Domain;
			sourceTree = "<group>";
		};
		6F19776728AA20CF007F76E7 /* Model */ = {
			isa = PBXGroup;
			children = (
				6F19776828AA2130007F76E7 /* EmojiModel.swift */,
			);
			path = Model;
			sourceTree = "<group>";
		};
		6F19776A28AA305F007F76E7 /* Util */ = {
			isa = PBXGroup;
			children = (
				6F19776B28AA306E007F76E7 /* Constants */,
			);
			path = Util;
			sourceTree = "<group>";
		};
		6F19776B28AA306E007F76E7 /* Constants */ = {
			isa = PBXGroup;
			children = (
				6F19776C28AA308D007F76E7 /* EmojiOption.swift */,
			);
			path = Constants;
			sourceTree = "<group>";
		};
		6F19776E28AA481A007F76E7 /* Service */ = {
			isa = PBXGroup;
			children = (
			);
			path = Service;
			sourceTree = "<group>";
		};
		6F19776F28AA660B007F76E7 /* Game */ = {
			isa = PBXGroup;
			children = (
				6F19777928AA727C007F76E7 /* ViewModel */,
				6F19777828AA7255007F76E7 /* View */,
			);
			path = Game;
			sourceTree = "<group>";
		};
		6F19777828AA7255007F76E7 /* View */ = {
			isa = PBXGroup;
			children = (
				6F19777028AA6620007F76E7 /* GameScreen.swift */,
			);
			path = View;
			sourceTree = "<group>";
		};
		6F19777928AA727C007F76E7 /* ViewModel */ = {
			isa = PBXGroup;
			children = (
				6F19777A28AA728D007F76E7 /* GameViewModel.swift */,
			);
			path = ViewModel;
			sourceTree = "<group>";
		};
		6FBCB74B28A93F01000DCA38 = {
			isa = PBXGroup;
			children = (
				6FBCB75628A93F01000DCA38 /* MemorizeGame */,
				6FBCB76728A93F02000DCA38 /* MemorizeGameTests */,
				6FBCB77128A93F02000DCA38 /* MemorizeGameUITests */,
				6FBCB75528A93F01000DCA38 /* Products */,
			);
			sourceTree = "<group>";
		};
		6FBCB75528A93F01000DCA38 /* Products */ = {
			isa = PBXGroup;
			children = (
				6FBCB75428A93F01000DCA38 /* MemorizeGame.app */,
				6FBCB76428A93F02000DCA38 /* MemorizeGameTests.xctest */,
				6FBCB76E28A93F02000DCA38 /* MemorizeGameUITests.xctest */,
			);
			name = Products;
			sourceTree = "<group>";
		};
		6FBCB75628A93F01000DCA38 /* MemorizeGame */ = {
			isa = PBXGroup;
			children = (
				6F19776A28AA305F007F76E7 /* Util */,
				6F19776628AA20C6007F76E7 /* Domain */,
				6F19775928AA1704007F76E7 /* Presentation */,
				6FBCB75928A93F01000DCA38 /* ContentView.swift */,
				6FBCB75B28A93F02000DCA38 /* Assets.xcassets */,
				6FBCB75D28A93F02000DCA38 /* Preview Content */,
			);
			path = MemorizeGame;
			sourceTree = "<group>";
		};
		6FBCB75D28A93F02000DCA38 /* Preview Content */ = {
			isa = PBXGroup;
			children = (
				6FBCB75E28A93F02000DCA38 /* Preview Assets.xcassets */,
			);
			path = "Preview Content";
			sourceTree = "<group>";
		};
		6FBCB76728A93F02000DCA38 /* MemorizeGameTests */ = {
			isa = PBXGroup;
			children = (
				6FBCB76828A93F02000DCA38 /* MemorizeGameTests.swift */,
			);
			path = MemorizeGameTests;
			sourceTree = "<group>";
		};
		6FBCB77128A93F02000DCA38 /* MemorizeGameUITests */ = {
			isa = PBXGroup;
			children = (
				6FBCB77228A93F02000DCA38 /* MemorizeGameUITests.swift */,
				6FBCB77428A93F02000DCA38 /* MemorizeGameUITestsLaunchTests.swift */,
			);
			path = MemorizeGameUITests;
			sourceTree = "<group>";
		};
/* End PBXGroup section */

/* Begin PBXNativeTarget section */
		6FBCB75328A93F01000DCA38 /* MemorizeGame */ = {
			isa = PBXNativeTarget;
			buildConfigurationList = 6FBCB77828A93F02000DCA38 /* Build configuration list for PBXNativeTarget "MemorizeGame" */;
			buildPhases = (
				6FBCB75028A93F01000DCA38 /* Sources */,
				6FBCB75128A93F01000DCA38 /* Frameworks */,
				6FBCB75228A93F01000DCA38 /* Resources */,
			);
			buildRules = (
			);
			dependencies = (
			);
			name = MemorizeGame;
			packageProductDependencies = (
				6F19777328AA6871007F76E7 /* SwiftUIRouter */,
			);
			productName = MemorizeGame;
			productReference = 6FBCB75428A93F01000DCA38 /* MemorizeGame.app */;
			productType = "com.apple.product-type.application";
		};
		6FBCB76328A93F02000DCA38 /* MemorizeGameTests */ = {
			isa = PBXNativeTarget;
			buildConfigurationList = 6FBCB77B28A93F02000DCA38 /* Build configuration list for PBXNativeTarget "MemorizeGameTests" */;
			buildPhases = (
				6FBCB76028A93F02000DCA38 /* Sources */,
				6FBCB76128A93F02000DCA38 /* Frameworks */,
				6FBCB76228A93F02000DCA38 /* Resources */,
			);
			buildRules = (
			);
			dependencies = (
				6FBCB76628A93F02000DCA38 /* PBXTargetDependency */,
			);
			name = MemorizeGameTests;
			productName = MemorizeGameTests;
			productReference = 6FBCB76428A93F02000DCA38 /* MemorizeGameTests.xctest */;
			productType = "com.apple.product-type.bundle.unit-test";
		};
		6FBCB76D28A93F02000DCA38 /* MemorizeGameUITests */ = {
			isa = PBXNativeTarget;
			buildConfigurationList = 6FBCB77E28A93F02000DCA38 /* Build configuration list for PBXNativeTarget "MemorizeGameUITests" */;
			buildPhases = (
				6FBCB76A28A93F02000DCA38 /* Sources */,
				6FBCB76B28A93F02000DCA38 /* Frameworks */,
				6FBCB76C28A93F02000DCA38 /* Resources */,
			);
			buildRules = (
			);
			dependencies = (
				6FBCB77028A93F02000DCA38 /* PBXTargetDependency */,
			);
			name = MemorizeGameUITests;
			productName = MemorizeGameUITests;
			productReference = 6FBCB76E28A93F02000DCA38 /* MemorizeGameUITests.xctest */;
			productType = "com.apple.product-type.bundle.ui-testing";
		};
/* End PBXNativeTarget section */

/* Begin PBXProject section */
		6FBCB74C28A93F01000DCA38 /* Project object */ = {
			isa = PBXProject;
			attributes = {
				BuildIndependentTargetsInParallel = 1;
				LastSwiftUpdateCheck = 1340;
				LastUpgradeCheck = 1340;
				TargetAttributes = {
					6FBCB75328A93F01000DCA38 = {
						CreatedOnToolsVersion = 13.4.1;
						LastSwiftMigration = 1340;
					};
					6FBCB76328A93F02000DCA38 = {
						CreatedOnToolsVersion = 13.4.1;
						TestTargetID = 6FBCB75328A93F01000DCA38;
					};
					6FBCB76D28A93F02000DCA38 = {
						CreatedOnToolsVersion = 13.4.1;
						TestTargetID = 6FBCB75328A93F01000DCA38;
					};
				};
			};
			buildConfigurationList = 6FBCB74F28A93F01000DCA38 /* Build configuration list for PBXProject "MemorizeGame" */;
			compatibilityVersion = "Xcode 13.0";
			developmentRegion = en;
			hasScannedForEncodings = 0;
			knownRegions = (
				en,
				Base,
			);
			mainGroup = 6FBCB74B28A93F01000DCA38;
			packageReferences = (
				6F19777228AA6870007F76E7 /* XCRemoteSwiftPackageReference "SwiftUIRouter" */,
			);
			productRefGroup = 6FBCB75528A93F01000DCA38 /* Products */;
			projectDirPath = "";
			projectRoot = "";
			targets = (
				6FBCB75328A93F01000DCA38 /* MemorizeGame */,
				6FBCB76328A93F02000DCA38 /* MemorizeGameTests */,
				6FBCB76D28A93F02000DCA38 /* MemorizeGameUITests */,
			);
		};
/* End PBXProject section */

/* Begin PBXResourcesBuildPhase section */
		6FBCB75228A93F01000DCA38 /* Resources */ = {
			isa = PBXResourcesBuildPhase;
			buildActionMask = 2147483647;
			files = (
				6FBCB75F28A93F02000DCA38 /* Preview Assets.xcassets in Resources */,
				6FBCB75C28A93F02000DCA38 /* Assets.xcassets in Resources */,
			);
			runOnlyForDeploymentPostprocessing = 0;
		};
		6FBCB76228A93F02000DCA38 /* Resources */ = {
			isa = PBXResourcesBuildPhase;
			buildActionMask = 2147483647;
			files = (
			);
			runOnlyForDeploymentPostprocessing = 0;
		};
		6FBCB76C28A93F02000DCA38 /* Resources */ = {
			isa = PBXResourcesBuildPhase;
			buildActionMask = 2147483647;
			files = (
			);
			runOnlyForDeploymentPostprocessing = 0;
		};
/* End PBXResourcesBuildPhase section */

/* Begin PBXSourcesBuildPhase section */
		6FBCB75028A93F01000DCA38 /* Sources */ = {
			isa = PBXSourcesBuildPhase;
			buildActionMask = 2147483647;
			files = (
				6FBCB75A28A93F01000DCA38 /* ContentView.swift in Sources */,
				6F19776D28AA308D007F76E7 /* EmojiOption.swift in Sources */,
				6FBCB75828A93F01000DCA38 /* MemorizeGameApp.swift in Sources */,
				6F19775F28AA1785007F76E7 /* HomeScreen.swift in Sources */,
				6F19777B28AA728D007F76E7 /* GameViewModel.swift in Sources */,
				6F19776928AA2130007F76E7 /* EmojiModel.swift in Sources */,
				6F19777128AA6620007F76E7 /* GameScreen.swift in Sources */,
				6F19776328AA1FC2007F76E7 /* HomeViewModel.swift in Sources */,
			);
			runOnlyForDeploymentPostprocessing = 0;
		};
		6FBCB76028A93F02000DCA38 /* Sources */ = {
			isa = PBXSourcesBuildPhase;
			buildActionMask = 2147483647;
			files = (
				6FBCB76928A93F02000DCA38 /* MemorizeGameTests.swift in Sources */,
			);
			runOnlyForDeploymentPostprocessing = 0;
		};
		6FBCB76A28A93F02000DCA38 /* Sources */ = {
			isa = PBXSourcesBuildPhase;
			buildActionMask = 2147483647;
			files = (
				6FBCB77528A93F02000DCA38 /* MemorizeGameUITestsLaunchTests.swift in Sources */,
				6FBCB77328A93F02000DCA38 /* MemorizeGameUITests.swift in Sources */,
			);
			runOnlyForDeploymentPostprocessing = 0;
		};
/* End PBXSourcesBuildPhase section */

/* Begin PBXTargetDependency section */
		6FBCB76628A93F02000DCA38 /* PBXTargetDependency */ = {
			isa = PBXTargetDependency;
			target = 6FBCB75328A93F01000DCA38 /* MemorizeGame */;
			targetProxy = 6FBCB76528A93F02000DCA38 /* PBXContainerItemProxy */;
		};
		6FBCB77028A93F02000DCA38 /* PBXTargetDependency */ = {
			isa = PBXTargetDependency;
			target = 6FBCB75328A93F01000DCA38 /* MemorizeGame */;
			targetProxy = 6FBCB76F28A93F02000DCA38 /* PBXContainerItemProxy */;
		};
/* End PBXTargetDependency section */

/* Begin XCBuildConfiguration section */
		6FBCB77628A93F02000DCA38 /* Debug */ = {
			isa = XCBuildConfiguration;
			buildSettings = {
				ALWAYS_SEARCH_USER_PATHS = NO;
				CLANG_ANALYZER_NONNULL = YES;
				CLANG_ANALYZER_NUMBER_OBJECT_CONVERSION = YES_AGGRESSIVE;
				CLANG_CXX_LANGUAGE_STANDARD = "gnu++17";
				CLANG_ENABLE_MODULES = YES;
				CLANG_ENABLE_OBJC_ARC = YES;
				CLANG_ENABLE_OBJC_WEAK = YES;
				CLANG_WARN_BLOCK_CAPTURE_AUTORELEASING = YES;
				CLANG_WARN_BOOL_CONVERSION = YES;
				CLANG_WARN_COMMA = YES;
				CLANG_WARN_CONSTANT_CONVERSION = YES;
				CLANG_WARN_DEPRECATED_OBJC_IMPLEMENTATIONS = YES;
				CLANG_WARN_DIRECT_OBJC_ISA_USAGE = YES_ERROR;
				CLANG_WARN_DOCUMENTATION_COMMENTS = YES;
				CLANG_WARN_EMPTY_BODY = YES;
				CLANG_WARN_ENUM_CONVERSION = YES;
				CLANG_WARN_INFINITE_RECURSION = YES;
				CLANG_WARN_INT_CONVERSION = YES;
				CLANG_WARN_NON_LITERAL_NULL_CONVERSION = YES;
				CLANG_WARN_OBJC_IMPLICIT_RETAIN_SELF = YES;
				CLANG_WARN_OBJC_LITERAL_CONVERSION = YES;
				CLANG_WARN_OBJC_ROOT_CLASS = YES_ERROR;
				CLANG_WARN_QUOTED_INCLUDE_IN_FRAMEWORK_HEADER = YES;
				CLANG_WARN_RANGE_LOOP_ANALYSIS = YES;
				CLANG_WARN_STRICT_PROTOTYPES = YES;
				CLANG_WARN_SUSPICIOUS_MOVE = YES;
				CLANG_WARN_UNGUARDED_AVAILABILITY = YES_AGGRESSIVE;
				CLANG_WARN_UNREACHABLE_CODE = YES;
				CLANG_WARN__DUPLICATE_METHOD_MATCH = YES;
				COPY_PHASE_STRIP = NO;
				DEBUG_INFORMATION_FORMAT = dwarf;
				ENABLE_STRICT_OBJC_MSGSEND = YES;
				ENABLE_TESTABILITY = YES;
				GCC_C_LANGUAGE_STANDARD = gnu11;
				GCC_DYNAMIC_NO_PIC = NO;
				GCC_NO_COMMON_BLOCKS = YES;
				GCC_OPTIMIZATION_LEVEL = 0;
				GCC_PREPROCESSOR_DEFINITIONS = (
					"DEBUG=1",
					"$(inherited)",
				);
				GCC_WARN_64_TO_32_BIT_CONVERSION = YES;
				GCC_WARN_ABOUT_RETURN_TYPE = YES_ERROR;
				GCC_WARN_UNDECLARED_SELECTOR = YES;
				GCC_WARN_UNINITIALIZED_AUTOS = YES_AGGRESSIVE;
				GCC_WARN_UNUSED_FUNCTION = YES;
				GCC_WARN_UNUSED_VARIABLE = YES;
				IPHONEOS_DEPLOYMENT_TARGET = 15.5;
				MTL_ENABLE_DEBUG_INFO = INCLUDE_SOURCE;
				MTL_FAST_MATH = YES;
				ONLY_ACTIVE_ARCH = YES;
				SDKROOT = iphoneos;
				SWIFT_ACTIVE_COMPILATION_CONDITIONS = DEBUG;
				SWIFT_OPTIMIZATION_LEVEL = "-Onone";
			};
			name = Debug;
		};
		6FBCB77728A93F02000DCA38 /* Release */ = {
			isa = XCBuildConfiguration;
			buildSettings = {
				ALWAYS_SEARCH_USER_PATHS = NO;
				CLANG_ANALYZER_NONNULL = YES;
				CLANG_ANALYZER_NUMBER_OBJECT_CONVERSION = YES_AGGRESSIVE;
				CLANG_CXX_LANGUAGE_STANDARD = "gnu++17";
				CLANG_ENABLE_MODULES = YES;
				CLANG_ENABLE_OBJC_ARC = YES;
				CLANG_ENABLE_OBJC_WEAK = YES;
				CLANG_WARN_BLOCK_CAPTURE_AUTORELEASING = YES;
				CLANG_WARN_BOOL_CONVERSION = YES;
				CLANG_WARN_COMMA = YES;
				CLANG_WARN_CONSTANT_CONVERSION = YES;
				CLANG_WARN_DEPRECATED_OBJC_IMPLEMENTATIONS = YES;
				CLANG_WARN_DIRECT_OBJC_ISA_USAGE = YES_ERROR;
				CLANG_WARN_DOCUMENTATION_COMMENTS = YES;
				CLANG_WARN_EMPTY_BODY = YES;
				CLANG_WARN_ENUM_CONVERSION = YES;
				CLANG_WARN_INFINITE_RECURSION = YES;
				CLANG_WARN_INT_CONVERSION = YES;
				CLANG_WARN_NON_LITERAL_NULL_CONVERSION = YES;
				CLANG_WARN_OBJC_IMPLICIT_RETAIN_SELF = YES;
				CLANG_WARN_OBJC_LITERAL_CONVERSION = YES;
				CLANG_WARN_OBJC_ROOT_CLASS = YES_ERROR;
				CLANG_WARN_QUOTED_INCLUDE_IN_FRAMEWORK_HEADER = YES;
				CLANG_WARN_RANGE_LOOP_ANALYSIS = YES;
				CLANG_WARN_STRICT_PROTOTYPES = YES;
				CLANG_WARN_SUSPICIOUS_MOVE = YES;
				CLANG_WARN_UNGUARDED_AVAILABILITY = YES_AGGRESSIVE;
				CLANG_WARN_UNREACHABLE_CODE = YES;
				CLANG_WARN__DUPLICATE_METHOD_MATCH = YES;
				COPY_PHASE_STRIP = NO;
				DEBUG_INFORMATION_FORMAT = "dwarf-with-dsym";
				ENABLE_NS_ASSERTIONS = NO;
				ENABLE_STRICT_OBJC_MSGSEND = YES;
				GCC_C_LANGUAGE_STANDARD = gnu11;
				GCC_NO_COMMON_BLOCKS = YES;
				GCC_WARN_64_TO_32_BIT_CONVERSION = YES;
				GCC_WARN_ABOUT_RETURN_TYPE = YES_ERROR;
				GCC_WARN_UNDECLARED_SELECTOR = YES;
				GCC_WARN_UNINITIALIZED_AUTOS = YES_AGGRESSIVE;
				GCC_WARN_UNUSED_FUNCTION = YES;
				GCC_WARN_UNUSED_VARIABLE = YES;
				IPHONEOS_DEPLOYMENT_TARGET = 15.5;
				MTL_ENABLE_DEBUG_INFO = NO;
				MTL_FAST_MATH = YES;
				SDKROOT = iphoneos;
				SWIFT_COMPILATION_MODE = wholemodule;
				SWIFT_OPTIMIZATION_LEVEL = "-O";
				VALIDATE_PRODUCT = YES;
			};
			name = Release;
		};
		6FBCB77928A93F02000DCA38 /* Debug */ = {
			isa = XCBuildConfiguration;
			buildSettings = {
				ASSETCATALOG_COMPILER_APPICON_NAME = AppIcon;
				ASSETCATALOG_COMPILER_GLOBAL_ACCENT_COLOR_NAME = AccentColor;
				CLANG_ENABLE_MODULES = YES;
				CODE_SIGN_STYLE = Automatic;
				CURRENT_PROJECT_VERSION = 1;
				DEVELOPMENT_ASSET_PATHS = "\"MemorizeGame/Preview Content\"";
				DEVELOPMENT_TEAM = MJPQ63NMLD;
				ENABLE_PREVIEWS = YES;
				GENERATE_INFOPLIST_FILE = YES;
				INFOPLIST_KEY_UIApplicationSceneManifest_Generation = YES;
				INFOPLIST_KEY_UIApplicationSupportsIndirectInputEvents = YES;
				INFOPLIST_KEY_UILaunchScreen_Generation = YES;
				INFOPLIST_KEY_UISupportedInterfaceOrientations_iPad = "UIInterfaceOrientationPortrait UIInterfaceOrientationPortraitUpsideDown UIInterfaceOrientationLandscapeLeft UIInterfaceOrientationLandscapeRight";
				INFOPLIST_KEY_UISupportedInterfaceOrientations_iPhone = "UIInterfaceOrientationPortrait UIInterfaceOrientationLandscapeLeft UIInterfaceOrientationLandscapeRight";
				LD_RUNPATH_SEARCH_PATHS = (
					"$(inherited)",
					"@executable_path/Frameworks",
				);
				MARKETING_VERSION = 1.0;
				PRODUCT_BUNDLE_IDENTIFIER = com.freewithSwift.MemorizeGame;
				PRODUCT_NAME = "$(TARGET_NAME)";
				SWIFT_EMIT_LOC_STRINGS = YES;
				SWIFT_OPTIMIZATION_LEVEL = "-Onone";
				SWIFT_VERSION = 5.0;
				TARGETED_DEVICE_FAMILY = "1,2";
			};
			name = Debug;
		};
		6FBCB77A28A93F02000DCA38 /* Release */ = {
			isa = XCBuildConfiguration;
			buildSettings = {
				ASSETCATALOG_COMPILER_APPICON_NAME = AppIcon;
				ASSETCATALOG_COMPILER_GLOBAL_ACCENT_COLOR_NAME = AccentColor;
				CLANG_ENABLE_MODULES = YES;
				CODE_SIGN_STYLE = Automatic;
				CURRENT_PROJECT_VERSION = 1;
				DEVELOPMENT_ASSET_PATHS = "\"MemorizeGame/Preview Content\"";
				DEVELOPMENT_TEAM = MJPQ63NMLD;
				ENABLE_PREVIEWS = YES;
				GENERATE_INFOPLIST_FILE = YES;
				INFOPLIST_KEY_UIApplicationSceneManifest_Generation = YES;
				INFOPLIST_KEY_UIApplicationSupportsIndirectInputEvents = YES;
				INFOPLIST_KEY_UILaunchScreen_Generation = YES;
				INFOPLIST_KEY_UISupportedInterfaceOrientations_iPad = "UIInterfaceOrientationPortrait UIInterfaceOrientationPortraitUpsideDown UIInterfaceOrientationLandscapeLeft UIInterfaceOrientationLandscapeRight";
				INFOPLIST_KEY_UISupportedInterfaceOrientations_iPhone = "UIInterfaceOrientationPortrait UIInterfaceOrientationLandscapeLeft UIInterfaceOrientationLandscapeRight";
				LD_RUNPATH_SEARCH_PATHS = (
					"$(inherited)",
					"@executable_path/Frameworks",
				);
				MARKETING_VERSION = 1.0;
				PRODUCT_BUNDLE_IDENTIFIER = com.freewithSwift.MemorizeGame;
				PRODUCT_NAME = "$(TARGET_NAME)";
				SWIFT_EMIT_LOC_STRINGS = YES;
				SWIFT_VERSION = 5.0;
				TARGETED_DEVICE_FAMILY = "1,2";
			};
			name = Release;
		};
		6FBCB77C28A93F02000DCA38 /* Debug */ = {
			isa = XCBuildConfiguration;
			buildSettings = {
				ALWAYS_EMBED_SWIFT_STANDARD_LIBRARIES = YES;
				BUNDLE_LOADER = "$(TEST_HOST)";
				CODE_SIGN_STYLE = Automatic;
				CURRENT_PROJECT_VERSION = 1;
				DEVELOPMENT_TEAM = MJPQ63NMLD;
				GENERATE_INFOPLIST_FILE = YES;
				IPHONEOS_DEPLOYMENT_TARGET = 15.5;
				MARKETING_VERSION = 1.0;
				PRODUCT_BUNDLE_IDENTIFIER = com.freewithSwift.MemorizeGameTests;
				PRODUCT_NAME = "$(TARGET_NAME)";
				SWIFT_EMIT_LOC_STRINGS = NO;
				SWIFT_VERSION = 5.0;
				TARGETED_DEVICE_FAMILY = "1,2";
				TEST_HOST = "$(BUILT_PRODUCTS_DIR)/MemorizeGame.app/MemorizeGame";
			};
			name = Debug;
		};
		6FBCB77D28A93F02000DCA38 /* Release */ = {
			isa = XCBuildConfiguration;
			buildSettings = {
				ALWAYS_EMBED_SWIFT_STANDARD_LIBRARIES = YES;
				BUNDLE_LOADER = "$(TEST_HOST)";
				CODE_SIGN_STYLE = Automatic;
				CURRENT_PROJECT_VERSION = 1;
				DEVELOPMENT_TEAM = MJPQ63NMLD;
				GENERATE_INFOPLIST_FILE = YES;
				IPHONEOS_DEPLOYMENT_TARGET = 15.5;
				MARKETING_VERSION = 1.0;
				PRODUCT_BUNDLE_IDENTIFIER = com.freewithSwift.MemorizeGameTests;
				PRODUCT_NAME = "$(TARGET_NAME)";
				SWIFT_EMIT_LOC_STRINGS = NO;
				SWIFT_VERSION = 5.0;
				TARGETED_DEVICE_FAMILY = "1,2";
				TEST_HOST = "$(BUILT_PRODUCTS_DIR)/MemorizeGame.app/MemorizeGame";
			};
			name = Release;
		};
		6FBCB77F28A93F02000DCA38 /* Debug */ = {
			isa = XCBuildConfiguration;
			buildSettings = {
				ALWAYS_EMBED_SWIFT_STANDARD_LIBRARIES = YES;
				CODE_SIGN_STYLE = Automatic;
				CURRENT_PROJECT_VERSION = 1;
				DEVELOPMENT_TEAM = MJPQ63NMLD;
				GENERATE_INFOPLIST_FILE = YES;
				MARKETING_VERSION = 1.0;
				PRODUCT_BUNDLE_IDENTIFIER = com.freewithSwift.MemorizeGameUITests;
				PRODUCT_NAME = "$(TARGET_NAME)";
				SWIFT_EMIT_LOC_STRINGS = NO;
				SWIFT_VERSION = 5.0;
				TARGETED_DEVICE_FAMILY = "1,2";
				TEST_TARGET_NAME = MemorizeGame;
			};
			name = Debug;
		};
		6FBCB78028A93F02000DCA38 /* Release */ = {
			isa = XCBuildConfiguration;
			buildSettings = {
				ALWAYS_EMBED_SWIFT_STANDARD_LIBRARIES = YES;
				CODE_SIGN_STYLE = Automatic;
				CURRENT_PROJECT_VERSION = 1;
				DEVELOPMENT_TEAM = MJPQ63NMLD;
				GENERATE_INFOPLIST_FILE = YES;
				MARKETING_VERSION = 1.0;
				PRODUCT_BUNDLE_IDENTIFIER = com.freewithSwift.MemorizeGameUITests;
				PRODUCT_NAME = "$(TARGET_NAME)";
				SWIFT_EMIT_LOC_STRINGS = NO;
				SWIFT_VERSION = 5.0;
				TARGETED_DEVICE_FAMILY = "1,2";
				TEST_TARGET_NAME = MemorizeGame;
			};
			name = Release;
		};
/* End XCBuildConfiguration section */

/* Begin XCConfigurationList section */
		6FBCB74F28A93F01000DCA38 /* Build configuration list for PBXProject "MemorizeGame" */ = {
			isa = XCConfigurationList;
			buildConfigurations = (
				6FBCB77628A93F02000DCA38 /* Debug */,
				6FBCB77728A93F02000DCA38 /* Release */,
			);
			defaultConfigurationIsVisible = 0;
			defaultConfigurationName = Release;
		};
		6FBCB77828A93F02000DCA38 /* Build configuration list for PBXNativeTarget "MemorizeGame" */ = {
			isa = XCConfigurationList;
			buildConfigurations = (
				6FBCB77928A93F02000DCA38 /* Debug */,
				6FBCB77A28A93F02000DCA38 /* Release */,
			);
			defaultConfigurationIsVisible = 0;
			defaultConfigurationName = Release;
		};
		6FBCB77B28A93F02000DCA38 /* Build configuration list for PBXNativeTarget "MemorizeGameTests" */ = {
			isa = XCConfigurationList;
			buildConfigurations = (
				6FBCB77C28A93F02000DCA38 /* Debug */,
				6FBCB77D28A93F02000DCA38 /* Release */,
			);
			defaultConfigurationIsVisible = 0;
			defaultConfigurationName = Release;
		};
		6FBCB77E28A93F02000DCA38 /* Build configuration list for PBXNativeTarget "MemorizeGameUITests" */ = {
			isa = XCConfigurationList;
			buildConfigurations = (
				6FBCB77F28A93F02000DCA38 /* Debug */,
				6FBCB78028A93F02000DCA38 /* Release */,
			);
			defaultConfigurationIsVisible = 0;
			defaultConfigurationName = Release;
		};
/* End XCConfigurationList section */

/* Begin XCRemoteSwiftPackageReference section */
		6F19777228AA6870007F76E7 /* XCRemoteSwiftPackageReference "SwiftUIRouter" */ = {
			isa = XCRemoteSwiftPackageReference;
			repositoryURL = "https://github.com/frzi/SwiftUIRouter.git";
			requirement = {
				kind = upToNextMajorVersion;
				minimumVersion = 1.0.0;
			};
		};
/* End XCRemoteSwiftPackageReference section */

/* Begin XCSwiftPackageProductDependency section */
		6F19777328AA6871007F76E7 /* SwiftUIRouter */ = {
			isa = XCSwiftPackageProductDependency;
			package = 6F19777228AA6870007F76E7 /* XCRemoteSwiftPackageReference "SwiftUIRouter" */;
			productName = SwiftUIRouter;
		};
/* End XCSwiftPackageProductDependency section */
	};
	rootObject = 6FBCB74C28A93F01000DCA38 /* Project object */;
}
